{
  "lockfileVersion": 2,
  "configVersion": 1,
  "workspaces": {
    "": {
      "name": "sim-page",
      "dependencies": {
        "amazon-ivs-player": "1.57.0",
      },
    },
  },
  "packages": {
    "@babel/runtime": ["@babel/runtime@7.29.10", "", {}, "sha512-NpugTzbKgGrNe45Ui32cN8vCFFMxVtP/9rtfwv0nP5FRDAjvYBxJcLVpYA9mr1jxP6cnIT7x9LUzuDTbWYYNRA=="],

    "amazon-ivs-player": ["amazon-ivs-player@1.57.0", "", { "dependencies": { "@babel/runtime": "^7.28.4", "promise-polyfill": "^8.3.0", "typescript": "^5.9.3" }, "peerDependencies": { "bowser": "^2.13.1", "lodash": "^4.17.21" } }, "sha512-AZyCA3WvkOjnpPZ4VHfrW+DsjXVAE/jLSMZ9lGDdaFbIs8IPJ3/BwaeoXuO8pKE90DblGdZOhi38FBKDE7QMWQ=="],

    "bowser": ["bowser@2.14.1", "", {}, "sha512-tzPjzCxygAKWFOJP011oxFHs57HzIhOEracIgAePE4pqB3LikALKnSzUyU4MGs9/iCEUuHlAJTjTc5M+u7YEGg=="],

    "lodash": ["lodash@4.18.1", "", {}, "sha512-dMInicTPVE8d1e5otfwmmjlxkZoUpiVLwyeTdUsi/Caj/gfzzblBcCE5sRHV/AsjuCmxWrte2TNGSYuCeCq+0Q=="],

    "promise-polyfill": ["promise-polyfill@8.3.0", "", {}, "sha512-H5oELycFml5yto/atYqmjyigJoAo3+OXwolYiH7OfQuYlAqhxNvTfiNMbV9hsC6Yp83yE5r2KTVmtrG6R9i6Pg=="],

    "typescript": ["typescript@5.9.3", "", { "bin": { "tsc": "bin/tsc", "tsserver": "bin/tsserver" } }, "sha512-jl1vZzPDinLr9eUt3J/t7V6FgNEw9QjvBPdysz9KfQDD41fQrC2Y4vKQdiaUpFT4bXlb1RHhLpp8wtm6M5TgSw=="],
  }
}
